
Microsoft Visual Studio Solution File, Format Version 12.00
# Visual Studio Version 16
VisualStudioVersion = 16.0.29609.76
MinimumVisualStudioVersion = 10.0.40219.1
Project("{D954291E-2A0B-460D-934E-DC6B0785DB48}") = "Authentication.ServerSide.Shared", "Authentication.ServerSide.Shared\Authentication.ServerSide.Shared.shproj", "{25C78E68-9AF0-4338-94EF-0F14C3083734}"
EndProject
Project("{9A19103F-16F7-4668-BE54-9A1E7A4F7556}") = "Authentication.ServerSide.Basic", "Authentication.ServerSide.Basic\Authentication.ServerSide.Basic.csproj", "{6F380D2C-AA7C-4F70-9AF0-511AF73D9164}"
EndProject
Project("{9A19103F-16F7-4668-BE54-9A1E7A4F7556}") = "Authentication.ServerSide.ApiKey", "Authentication.ServerSide.ApiKey\Authentication.ServerSide.ApiKey.csproj", "{1922663F-FD43-4CB7-8A93-6E7E4623CE9D}"
EndProject
Project("{9A19103F-16F7-4668-BE54-9A1E7A4F7556}") = "Authentication.ServerSide.OAuth2", "Authentication.ServerSide.OAuth2\Authentication.ServerSide.OAuth2.csproj", "{DA6CB4A8-BAB9-472D-B959-91E1FB18A41B}"
EndProject
Project("{9A19103F-16F7-4668-BE54-9A1E7A4F7556}") = "Authentication.ServerSide.IdentityServer4", "Authentication.ServerSide.IdentityServer4\Authentication.ServerSide.IdentityServer4.csproj", "{89A0C3DE-DAB8-40A9-91CC-04BED34464CB}"
EndProject
Project("{9A19103F-16F7-4668-BE54-9A1E7A4F7556}") = "Authentication.ServerSide.Bearer", "Authentication.ServerSide.Bearer\Authentication.ServerSide.Bearer.csproj", "{BD7B572F-31AE-4D30-A614-9F860203EFE3}"
EndProject
Project("{9A19103F-16F7-4668-BE54-9A1E7A4F7556}") = "Authentication.ServerSide.Windows", "Authentication.ServerSide.Windows\Authentication.ServerSide.Windows.csproj", "{8C098771-A96A-403A-9B63-E52CF9F01097}"
EndProject
Global
	GlobalSection(SharedMSBuildProjectFiles) = preSolution
		Authentication.ServerSide.Shared\Authentication.ServerSide.Shared.projitems*{1922663f-fd43-4cb7-8a93-6e7e4623ce9d}*SharedItemsImports = 5
		Authentication.ServerSide.Shared\Authentication.ServerSide.Shared.projitems*{25c78e68-9af0-4338-94ef-0f14c3083734}*SharedItemsImports = 13
		Authentication.ServerSide.Shared\Authentication.ServerSide.Shared.projitems*{6f380d2c-aa7c-4f70-9af0-511af73d9164}*SharedItemsImports = 5
		Authentication.ServerSide.Shared\Authentication.ServerSide.Shared.projitems*{8c098771-a96a-403a-9b63-e52cf9f01097}*SharedItemsImports = 5
		Authentication.ServerSide.Shared\Authentication.ServerSide.Shared.projitems*{bd7b572f-31ae-4d30-a614-9f860203efe3}*SharedItemsImports = 5
		Authentication.ServerSide.Shared\Authentication.ServerSide.Shared.projitems*{da6cb4a8-bab9-472d-b959-91e1fb18a41b}*SharedItemsImports = 5
	EndGlobalSection
	GlobalSection(SolutionConfigurationPlatforms) = preSolution
		Debug|Any CPU = Debug|Any CPU
		Release|Any CPU = Release|Any CPU
	EndGlobalSection
	GlobalSection(ProjectConfigurationPlatforms) = postSolution
		{6F380D2C-AA7C-4F70-9AF0-511AF73D9164}.Debug|Any CPU.ActiveCfg = Debug|Any CPU
		{6F380D2C-AA7C-4F70-9AF0-511AF73D9164}.Debug|Any CPU.Build.0 = Debug|Any CPU
		{6F380D2C-AA7C-4F70-9AF0-511AF73D9164}.Release|Any CPU.ActiveCfg = Release|Any CPU
		{6F380D2C-AA7C-4F70-9AF0-511AF73D9164}.Release|Any CPU.Build.0 = Release|Any CPU
		{1922663F-FD43-4CB7-8A93-6E7E4623CE9D}.Debug|Any CPU.ActiveCfg = Debug|Any CPU
		{1922663F-FD43-4CB7-8A93-6E7E4623CE9D}.Debug|Any CPU.Build.0 = Debug|Any CPU
		{1922663F-FD43-4CB7-8A93-6E7E4623CE9D}.Release|Any CPU.ActiveCfg = Release|Any CPU
		{1922663F-FD43-4CB7-8A93-6E7E4623CE9D}.Release|Any CPU.Build.0 = Release|Any CPU
		{DA6CB4A8-BAB9-472D-B959-91E1FB18A41B}.Debug|Any CPU.ActiveCfg = Debug|Any CPU
		{DA6CB4A8-BAB9-472D-B959-91E1FB18A41B}.Debug|Any CPU.Build.0 = Debug|Any CPU
		{DA6CB4A8-BAB9-472D-B959-91E1FB18A41B}.Release|Any CPU.ActiveCfg = Release|Any CPU
		{DA6CB4A8-BAB9-472D-B959-91E1FB18A41B}.Release|Any CPU.Build.0 = Release|Any CPU
		{89A0C3DE-DAB8-40A9-91CC-04BED34464CB}.Debug|Any CPU.ActiveCfg = Debug|Any CPU
		{89A0C3DE-DAB8-40A9-91CC-04BED34464CB}.Debug|Any CPU.Build.0 = Debug|Any CPU
		{89A0C3DE-DAB8-40A9-91CC-04BED34464CB}.Release|Any CPU.ActiveCfg = Release|Any CPU
		{89A0C3DE-DAB8-40A9-91CC-04BED34464CB}.Release|Any CPU.Build.0 = Release|Any CPU
		{BD7B572F-31AE-4D30-A614-9F860203EFE3}.Debug|Any CPU.ActiveCfg = Debug|Any CPU
		{BD7B572F-31AE-4D30-A614-9F860203EFE3}.Debug|Any CPU.Build.0 = Debug|Any CPU
		{BD7B572F-31AE-4D30-A614-9F860203EFE3}.Release|Any CPU.ActiveCfg = Release|Any CPU
		{BD7B572F-31AE-4D30-A614-9F860203EFE3}.Release|Any CPU.Build.0 = Release|Any CPU
		{8C098771-A96A-403A-9B63-E52CF9F01097}.Debug|Any CPU.ActiveCfg = Debug|Any CPU
		{8C098771-A96A-403A-9B63-E52CF9F01097}.Debug|Any CPU.Build.0 = Debug|Any CPU
		{8C098771-A96A-403A-9B63-E52CF9F01097}.Release|Any CPU.ActiveCfg = Release|Any CPU
		{8C098771-A96A-403A-9B63-E52CF9F01097}.Release|Any CPU.Build.0 = Release|Any CPU
	EndGlobalSection
	GlobalSection(SolutionProperties) = preSolution
		HideSolutionNode = FALSE
	EndGlobalSection
	GlobalSection(ExtensibilityGlobals) = postSolution
		SolutionGuid = {42B22B7E-0307-41EB-93AD-404F4215F0FB}
	EndGlobalSection
EndGlobal
